
Microsoft Visual Studio Solution File, Format Version 12.00
# Visual Studio Version 17
VisualStudioVersion = 17.10.35122.118
MinimumVisualStudioVersion = 10.0.40219.1
Project("{9A19103F-16F7-4668-BE54-9A1E7A4F7556}") = "Database", "Database\Database.csproj", "{714B0582-B0A4-4C49-B939-AAE9B7F88736}"
EndProject
Project("{9A19103F-16F7-4668-BE54-9A1E7A4F7556}") = "SWIFT_MT799_Logic", "SWIFT_MT799_Logic\SWIFT_MT799_Logic.csproj", "{4E72BC71-0A5C-49F3-ABAC-A30FACFE3D20}"
EndProject
Project("{9A19103F-16F7-4668-BE54-9A1E7A4F7556}") = "SWIFT_MT799_WebApi", "SWIFT_MT799_WebApi\SWIFT_MT799_WebApi.csproj", "{3B270167-6811-497C-BB54-A56142C74A0C}"
EndProject
Project("{9A19103F-16F7-4668-BE54-9A1E7A4F7556}") = "ApplicationLogic", "ApplicationLogic\ApplicationLogic.csproj", "{AD04E9AC-A3FE-443F-BC52-CF98C0139070}"
EndProject
Project("{FAE04EC0-301F-11D3-BF4B-00C04F79EFBC}") = "SWIFT_MT_799_Application_Tests", "SWIFT_MT_799_Application_Tests\SWIFT_MT_799_Application_Tests.csproj", "{A86DC793-CD08-453B-B07D-2B219FE5C706}"
EndProject
Global
	GlobalSection(SolutionConfigurationPlatforms) = preSolution
		Debug|Any CPU = Debug|Any CPU
		Release|Any CPU = Release|Any CPU
	EndGlobalSection
	GlobalSection(ProjectConfigurationPlatforms) = postSolution
		{714B0582-B0A4-4C49-B939-AAE9B7F88736}.Debug|Any CPU.ActiveCfg = Debug|Any CPU
		{714B0582-B0A4-4C49-B939-AAE9B7F88736}.Debug|Any CPU.Build.0 = Debug|Any CPU
		{714B0582-B0A4-4C49-B939-AAE9B7F88736}.Release|Any CPU.ActiveCfg = Release|Any CPU
		{714B0582-B0A4-4C49-B939-AAE9B7F88736}.Release|Any CPU.Build.0 = Release|Any CPU
		{4E72BC71-0A5C-49F3-ABAC-A30FACFE3D20}.Debug|Any CPU.ActiveCfg = Debug|Any CPU
		{4E72BC71-0A5C-49F3-ABAC-A30FACFE3D20}.Debug|Any CPU.Build.0 = Debug|Any CPU
		{4E72BC71-0A5C-49F3-ABAC-A30FACFE3D20}.Release|Any CPU.ActiveCfg = Release|Any CPU
		{4E72BC71-0A5C-49F3-ABAC-A30FACFE3D20}.Release|Any CPU.Build.0 = Release|Any CPU
		{3B270167-6811-497C-BB54-A56142C74A0C}.Debug|Any CPU.ActiveCfg = Debug|Any CPU
		{3B270167-6811-497C-BB54-A56142C74A0C}.Debug|Any CPU.Build.0 = Debug|Any CPU
		{3B270167-6811-497C-BB54-A56142C74A0C}.Release|Any CPU.ActiveCfg = Release|Any CPU
		{3B270167-6811-497C-BB54-A56142C74A0C}.Release|Any CPU.Build.0 = Release|Any CPU
		{AD04E9AC-A3FE-443F-BC52-CF98C0139070}.Debug|Any CPU.ActiveCfg = Debug|Any CPU
		{AD04E9AC-A3FE-443F-BC52-CF98C0139070}.Debug|Any CPU.Build.0 = Debug|Any CPU
		{AD04E9AC-A3FE-443F-BC52-CF98C0139070}.Release|Any CPU.ActiveCfg = Release|Any CPU
		{AD04E9AC-A3FE-443F-BC52-CF98C0139070}.Release|Any CPU.Build.0 = Release|Any CPU
		{A86DC793-CD08-453B-B07D-2B219FE5C706}.Debug|Any CPU.ActiveCfg = Debug|Any CPU
		{A86DC793-CD08-453B-B07D-2B219FE5C706}.Debug|Any CPU.Build.0 = Debug|Any CPU
		{A86DC793-CD08-453B-B07D-2B219FE5C706}.Release|Any CPU.ActiveCfg = Release|Any CPU
		{A86DC793-CD08-453B-B07D-2B219FE5C706}.Release|Any CPU.Build.0 = Release|Any CPU
	EndGlobalSection
	GlobalSection(SolutionProperties) = preSolution
		HideSolutionNode = FALSE
	EndGlobalSection
	GlobalSection(ExtensibilityGlobals) = postSolution
		SolutionGuid = {4C9C886D-1FC1-456A-9698-221E76D6EA38}
	EndGlobalSection
EndGlobal
